
Microsoft Visual Studio Solution File, Format Version 12.00
# Visual Studio Version 17
VisualStudioVersion = 17.0.31903.59
MinimumVisualStudioVersion = 10.0.40219.1
Project("{2150E333-8FDC-42A3-9474-1A3956D46DE8}") = "src", "src", "{827E0CD3-B72D-47B6-A68D-7590B98EB39B}"
EndProject
Project("{FAE04EC0-301F-11D3-BF4B-00C04F79EFBC}") = "Humo.Shared", "src\Humo.Shared\Humo.Shared.csproj", "{FED3E07C-2FA0-4BC6-9DD1-8ABFF9B5F724}"
EndProject
Project("{FAE04EC0-301F-11D3-BF4B-00C04F79EFBC}") = "Humo.Core", "src\Humo.Core\Humo.Core.csproj", "{1E8303D3-234D-4392-AC29-4189702DA2A7}"
EndProject
Project("{FAE04EC0-301F-11D3-BF4B-00C04F79EFBC}") = "Humo.Api", "src\Humo.Api\Humo.Api.csproj", "{B1859936-010D-40A1-A3ED-09E060AB4E01}"
EndProject
Project("{FAE04EC0-301F-11D3-BF4B-00C04F79EFBC}") = "Humo.Shared.Tests", "tests\Humo.Shared.Tests\Humo.Shared.Tests.csproj", "{7B28F3EB-092B-47DE-AB38-7C59B0DE3D9D}"
EndProject
Project("{FAE04EC0-301F-11D3-BF4B-00C04F79EFBC}") = "Humo.Core.Tests", "tests\Humo.Core.Tests\Humo.Core.Tests.csproj", "{1213C177-8F63-4D42-96AE-0184D77178BA}"
EndProject
Project("{FAE04EC0-301F-11D3-BF4B-00C04F79EFBC}") = "Humo.Api.Tests", "tests\Humo.Api.Tests\Humo.Api.Tests.csproj", "{142035AD-2A95-4A76-8E54-43E444FB9049}"
EndProject
Project("{FAE04EC0-301F-11D3-BF4B-00C04F79EFBC}") = "Humo.App", "src\Humo.App\Humo.App.csproj", "{8EB13E80-F20F-496C-9086-6F82B32F1942}"
EndProject
Project("{2150E333-8FDC-42A3-9474-1A3956D46DE8}") = "tests", "tests", "{0AB3BF05-4346-4AA6-1389-037BE0695223}"
EndProject
Project("{FAE04EC0-301F-11D3-BF4B-00C04F79EFBC}") = "Humo.Conventions.Tests", "tests\Humo.Conventions.Tests\Humo.Conventions.Tests.csproj", "{146CAA5E-A1CB-4F0C-BFA0-29E94C81CDA6}"
EndProject
Global
	GlobalSection(SolutionConfigurationPlatforms) = preSolution
		Debug|Any CPU = Debug|Any CPU
		Debug|x64 = Debug|x64
		Debug|x86 = Debug|x86
		Release|Any CPU = Release|Any CPU
		Release|x64 = Release|x64
		Release|x86 = Release|x86
	EndGlobalSection
	GlobalSection(ProjectConfigurationPlatforms) = postSolution
		{FED3E07C-2FA0-4BC6-9DD1-8ABFF9B5F724}.Debug|Any CPU.ActiveCfg = Debug|Any CPU
		{FED3E07C-2FA0-4BC6-9DD1-8ABFF9B5F724}.Debug|Any CPU.Build.0 = Debug|Any CPU
		{FED3E07C-2FA0-4BC6-9DD1-8ABFF9B5F724}.Debug|x64.ActiveCfg = Debug|Any CPU
		{FED3E07C-2FA0-4BC6-9DD1-8ABFF9B5F724}.Debug|x64.Build.0 = Debug|Any CPU
		{FED3E07C-2FA0-4BC6-9DD1-8ABFF9B5F724}.Debug|x86.ActiveCfg = Debug|Any CPU
		{FED3E07C-2FA0-4BC6-9DD1-8ABFF9B5F724}.Debug|x86.Build.0 = Debug|Any CPU
		{FED3E07C-2FA0-4BC6-9DD1-8ABFF9B5F724}.Release|Any CPU.ActiveCfg = Release|Any CPU
		{FED3E07C-2FA0-4BC6-9DD1-8ABFF9B5F724}.Release|Any CPU.Build.0 = Release|Any CPU
		{FED3E07C-2FA0-4BC6-9DD1-8ABFF9B5F724}.Release|x64.ActiveCfg = Release|Any CPU
		{FED3E07C-2FA0-4BC6-9DD1-8ABFF9B5F724}.Release|x64.Build.0 = Release|Any CPU
		{FED3E07C-2FA0-4BC6-9DD1-8ABFF9B5F724}.Release|x86.ActiveCfg = Release|Any CPU
		{FED3E07C-2FA0-4BC6-9DD1-8ABFF9B5F724}.Release|x86.Build.0 = Release|Any CPU
		{1E8303D3-234D-4392-AC29-4189702DA2A7}.Debug|Any CPU.ActiveCfg = Debug|Any CPU
		{1E8303D3-234D-4392-AC29-4189702DA2A7}.Debug|Any CPU.Build.0 = Debug|Any CPU
		{1E8303D3-234D-4392-AC29-4189702DA2A7}.Debug|x64.ActiveCfg = Debug|Any CPU
		{1E8303D3-234D-4392-AC29-4189702DA2A7}.Debug|x64.Build.0 = Debug|Any CPU
		{1E8303D3-234D-4392-AC29-4189702DA2A7}.Debug|x86.ActiveCfg = Debug|Any CPU
		{1E8303D3-234D-4392-AC29-4189702DA2A7}.Debug|x86.Build.0 = Debug|Any CPU
		{1E8303D3-234D-4392-AC29-4189702DA2A7}.Release|Any CPU.ActiveCfg = Release|Any CPU
		{1E8303D3-234D-4392-AC29-4189702DA2A7}.Release|Any CPU.Build.0 = Release|Any CPU
		{1E8303D3-234D-4392-AC29-4189702DA2A7}.Release|x64.ActiveCfg = Release|Any CPU
		{1E8303D3-234D-4392-AC29-4189702DA2A7}.Release|x64.Build.0 = Release|Any CPU
		{1E8303D3-234D-4392-AC29-4189702DA2A7}.Release|x86.ActiveCfg = Release|Any CPU
		{1E8303D3-234D-4392-AC29-4189702DA2A7}.Release|x86.Build.0 = Release|Any CPU
		{B1859936-010D-40A1-A3ED-09E060AB4E01}.Debug|Any CPU.ActiveCfg = Debug|Any CPU
		{B1859936-010D-40A1-A3ED-09E060AB4E01}.Debug|Any CPU.Build.0 = Debug|Any CPU
		{B1859936-010D-40A1-A3ED-09E060AB4E01}.Debug|x64.ActiveCfg = Debug|Any CPU
		{B1859936-010D-40A1-A3ED-09E060AB4E01}.Debug|x64.Build.0 = Debug|Any CPU
		{B1859936-010D-40A1-A3ED-09E060AB4E01}.Debug|x86.ActiveCfg = Debug|Any CPU
		{B1859936-010D-40A1-A3ED-09E060AB4E01}.Debug|x86.Build.0 = Debug|Any CPU
		{B1859936-010D-40A1-A3ED-09E060AB4E01}.Release|Any CPU.ActiveCfg = Release|Any CPU
		{B1859936-010D-40A1-A3ED-09E060AB4E01}.Release|Any CPU.Build.0 = Release|Any CPU
		{B1859936-010D-40A1-A3ED-09E060AB4E01}.Release|x64.ActiveCfg = Release|Any CPU
		{B1859936-010D-40A1-A3ED-09E060AB4E01}.Release|x64.Build.0 = Release|Any CPU
		{B1859936-010D-40A1-A3ED-09E060AB4E01}.Release|x86.ActiveCfg = Release|Any CPU
		{B1859936-010D-40A1-A3ED-09E060AB4E01}.Release|x86.Build.0 = Release|Any CPU
		{7B28F3EB-092B-47DE-AB38-7C59B0DE3D9D}.Debug|Any CPU.ActiveCfg = Debug|Any CPU
		{7B28F3EB-092B-47DE-AB38-7C59B0DE3D9D}.Debug|Any CPU.Build.0 = Debug|Any CPU
		{7B28F3EB-092B-47DE-AB38-7C59B0DE3D9D}.Debug|x64.ActiveCfg = Debug|Any CPU
		{7B28F3EB-092B-47DE-AB38-7C59B0DE3D9D}.Debug|x64.Build.0 = Debug|Any CPU
		{7B28F3EB-092B-47DE-AB38-7C59B0DE3D9D}.Debug|x86.ActiveCfg = Debug|Any CPU
		{7B28F3EB-092B-47DE-AB38-7C59B0DE3D9D}.Debug|x86.Build.0 = Debug|Any CPU
		{7B28F3EB-092B-47DE-AB38-7C59B0DE3D9D}.Release|Any CPU.ActiveCfg = Release|Any CPU
		{7B28F3EB-092B-47DE-AB38-7C59B0DE3D9D}.Release|Any CPU.Build.0 = Release|Any CPU
		{7B28F3EB-092B-47DE-AB38-7C59B0DE3D9D}.Release|x64.ActiveCfg = Release|Any CPU
		{7B28F3EB-092B-47DE-AB38-7C59B0DE3D9D}.Release|x64.Build.0 = Release|Any CPU
		{7B28F3EB-092B-47DE-AB38-7C59B0DE3D9D}.Release|x86.ActiveCfg = Release|Any CPU
		{7B28F3EB-092B-47DE-AB38-7C59B0DE3D9D}.Release|x86.Build.0 = Release|Any CPU
		{1213C177-8F63-4D42-96AE-0184D77178BA}.Debug|Any CPU.ActiveCfg = Debug|Any CPU
		{1213C177-8F63-4D42-96AE-0184D77178BA}.Debug|Any CPU.Build.0 = Debug|Any CPU
		{1213C177-8F63-4D42-96AE-0184D77178BA}.Debug|x64.ActiveCfg = Debug|Any CPU
		{1213C177-8F63-4D42-96AE-0184D77178BA}.Debug|x64.Build.0 = Debug|Any CPU
		{1213C177-8F63-4D42-96AE-0184D77178BA}.Debug|x86.ActiveCfg = Debug|Any CPU
		{1213C177-8F63-4D42-96AE-0184D77178BA}.Debug|x86.Build.0 = Debug|Any CPU
		{1213C177-8F63-4D42-96AE-0184D77178BA}.Release|Any CPU.ActiveCfg = Release|Any CPU
		{1213C177-8F63-4D42-96AE-0184D77178BA}.Release|Any CPU.Build.0 = Release|Any CPU
		{1213C177-8F63-4D42-96AE-0184D77178BA}.Release|x64.ActiveCfg = Release|Any CPU
		{1213C177-8F63-4D42-96AE-0184D77178BA}.Release|x64.Build.0 = Release|Any CPU
		{1213C177-8F63-4D42-96AE-0184D77178BA}.Release|x86.ActiveCfg = Release|Any CPU
		{1213C177-8F63-4D42-96AE-0184D77178BA}.Release|x86.Build.0 = Release|Any CPU
		{142035AD-2A95-4A76-8E54-43E444FB9049}.Debug|Any CPU.ActiveCfg = Debug|Any CPU
		{142035AD-2A95-4A76-8E54-43E444FB9049}.Debug|Any CPU.Build.0 = Debug|Any CPU
		{142035AD-2A95-4A76-8E54-43E444FB9049}.Debug|x64.ActiveCfg = Debug|Any CPU
		{142035AD-2A95-4A76-8E54-43E444FB9049}.Debug|x64.Build.0 = Debug|Any CPU
		{142035AD-2A95-4A76-8E54-43E444FB9049}.Debug|x86.ActiveCfg = Debug|Any CPU
		{142035AD-2A95-4A76-8E54-43E444FB9049}.Debug|x86.Build.0 = Debug|Any CPU
		{142035AD-2A95-4A76-8E54-43E444FB9049}.Release|Any CPU.ActiveCfg = Release|Any CPU
		{142035AD-2A95-4A76-8E54-43E444FB9049}.Release|Any CPU.Build.0 = Release|Any CPU
		{142035AD-2A95-4A76-8E54-43E444FB9049}.Release|x64.ActiveCfg = Release|Any CPU
		{142035AD-2A95-4A76-8E54-43E444FB9049}.Release|x64.Build.0 = Release|Any CPU
		{142035AD-2A95-4A76-8E54-43E444FB9049}.Release|x86.ActiveCfg = Release|Any CPU
		{142035AD-2A95-4A76-8E54-43E444FB9049}.Release|x86.Build.0 = Release|Any CPU
		{8EB13E80-F20F-496C-9086-6F82B32F1942}.Debug|Any CPU.ActiveCfg = Debug|Any CPU
		{8EB13E80-F20F-496C-9086-6F82B32F1942}.Debug|Any CPU.Build.0 = Debug|Any CPU
		{8EB13E80-F20F-496C-9086-6F82B32F1942}.Debug|x64.ActiveCfg = Debug|Any CPU
		{8EB13E80-F20F-496C-9086-6F82B32F1942}.Debug|x64.Build.0 = Debug|Any CPU
		{8EB13E80-F20F-496C-9086-6F82B32F1942}.Debug|x86.ActiveCfg = Debug|Any CPU
		{8EB13E80-F20F-496C-9086-6F82B32F1942}.Debug|x86.Build.0 = Debug|Any CPU
		{8EB13E80-F20F-496C-9086-6F82B32F1942}.Release|Any CPU.ActiveCfg = Release|Any CPU
		{8EB13E80-F20F-496C-9086-6F82B32F1942}.Release|Any CPU.Build.0 = Release|Any CPU
		{8EB13E80-F20F-496C-9086-6F82B32F1942}.Release|x64.ActiveCfg = Release|Any CPU
		{8EB13E80-F20F-496C-9086-6F82B32F1942}.Release|x64.Build.0 = Release|Any CPU
		{8EB13E80-F20F-496C-9086-6F82B32F1942}.Release|x86.ActiveCfg = Release|Any CPU
		{8EB13E80-F20F-496C-9086-6F82B32F1942}.Release|x86.Build.0 = Release|Any CPU
		{146CAA5E-A1CB-4F0C-BFA0-29E94C81CDA6}.Debug|Any CPU.ActiveCfg = Debug|Any CPU
		{146CAA5E-A1CB-4F0C-BFA0-29E94C81CDA6}.Debug|Any CPU.Build.0 = Debug|Any CPU
		{146CAA5E-A1CB-4F0C-BFA0-29E94C81CDA6}.Debug|x64.ActiveCfg = Debug|Any CPU
		{146CAA5E-A1CB-4F0C-BFA0-29E94C81CDA6}.Debug|x64.Build.0 = Debug|Any CPU
		{146CAA5E-A1CB-4F0C-BFA0-29E94C81CDA6}.Debug|x86.ActiveCfg = Debug|Any CPU
		{146CAA5E-A1CB-4F0C-BFA0-29E94C81CDA6}.Debug|x86.Build.0 = Debug|Any CPU
		{146CAA5E-A1CB-4F0C-BFA0-29E94C81CDA6}.Release|Any CPU.ActiveCfg = Release|Any CPU
		{146CAA5E-A1CB-4F0C-BFA0-29E94C81CDA6}.Release|Any CPU.Build.0 = Release|Any CPU
		{146CAA5E-A1CB-4F0C-BFA0-29E94C81CDA6}.Release|x64.ActiveCfg = Release|Any CPU
		{146CAA5E-A1CB-4F0C-BFA0-29E94C81CDA6}.Release|x64.Build.0 = Release|Any CPU
		{146CAA5E-A1CB-4F0C-BFA0-29E94C81CDA6}.Release|x86.ActiveCfg = Release|Any CPU
		{146CAA5E-A1CB-4F0C-BFA0-29E94C81CDA6}.Release|x86.Build.0 = Release|Any CPU
	EndGlobalSection
	GlobalSection(SolutionProperties) = preSolution
		HideSolutionNode = FALSE
	EndGlobalSection
	GlobalSection(NestedProjects) = preSolution
		{FED3E07C-2FA0-4BC6-9DD1-8ABFF9B5F724} = {827E0CD3-B72D-47B6-A68D-7590B98EB39B}
		{1E8303D3-234D-4392-AC29-4189702DA2A7} = {827E0CD3-B72D-47B6-A68D-7590B98EB39B}
		{B1859936-010D-40A1-A3ED-09E060AB4E01} = {827E0CD3-B72D-47B6-A68D-7590B98EB39B}
		{7B28F3EB-092B-47DE-AB38-7C59B0DE3D9D} = {827E0CD3-B72D-47B6-A68D-7590B98EB39B}
		{1213C177-8F63-4D42-96AE-0184D77178BA} = {827E0CD3-B72D-47B6-A68D-7590B98EB39B}
		{142035AD-2A95-4A76-8E54-43E444FB9049} = {827E0CD3-B72D-47B6-A68D-7590B98EB39B}
		{8EB13E80-F20F-496C-9086-6F82B32F1942} = {827E0CD3-B72D-47B6-A68D-7590B98EB39B}
		{146CAA5E-A1CB-4F0C-BFA0-29E94C81CDA6} = {0AB3BF05-4346-4AA6-1389-037BE0695223}
	EndGlobalSection
EndGlobal
